
Microsoft Visual Studio Solution File, Format Version 12.00
# Visual Studio Version 17
VisualStudioVersion = 17.1.32210.238
MinimumVisualStudioVersion = 10.0.40219.1
Project("{FAE04EC0-301F-11D3-BF4B-00C04F79EFBC}") = "TaxesByMonth", "TaxesByMOnth\TaxesByMonth.csproj", "{9C84F565-9605-4584-BCB4-30F080C6C732}"
EndProject
Global
	GlobalSection(SolutionConfigurationPlatforms) = preSolution
		Debug|Any CPU = Debug|Any CPU
		Release|Any CPU = Release|Any CPU
	EndGlobalSection
	GlobalSection(ProjectConfigurationPlatforms) = postSolution
		{9C84F565-9605-4584-BCB4-30F080C6C732}.Debug|Any CPU.ActiveCfg = Debug|Any CPU
		{9C84F565-9605-4584-BCB4-30F080C6C732}.Debug|Any CPU.Build.0 = Debug|Any CPU
		{9C84F565-9605-4584-BCB4-30F080C6C732}.Release|Any CPU.ActiveCfg = Release|Any CPU
		{9C84F565-9605-4584-BCB4-30F080C6C732}.Release|Any CPU.Build.0 = Release|Any CPU
	EndGlobalSection
	GlobalSection(SolutionProperties) = preSolution
		HideSolutionNode = FALSE
	EndGlobalSection
	GlobalSection(ExtensibilityGlobals) = postSolution
		SolutionGuid = {16D48D80-437D-4D98-AB3E-A88053E94497}
	EndGlobalSection
EndGlobal
